
Microsoft Visual Studio Solution File, Format Version 12.00
# Visual Studio 15
VisualStudioVersion = 15.0.28010.2046
MinimumVisualStudioVersion = 10.0.40219.1
Project("{FAE04EC0-301F-11D3-BF4B-00C04F79EFBC}") = "DataStructures-Algorithm", "DataStructures-Algorithm\DataStructures-Algorithm.csproj", "{4C7CD249-50D8-409E-9FD1-0517DF393505}"
EndProject
Project("{FAE04EC0-301F-11D3-BF4B-00C04F79EFBC}") = "ConsoleApp", "ConsoleApp\ConsoleApp.csproj", "{F00753E9-E8BC-46F1-A35D-A0F5A34408C3}"
EndProject
Global
	GlobalSection(SolutionConfigurationPlatforms) = preSolution
		Debug|Any CPU = Debug|Any CPU
		Release|Any CPU = Release|Any CPU
	EndGlobalSection
	GlobalSection(ProjectConfigurationPlatforms) = postSolution
		{4C7CD249-50D8-409E-9FD1-0517DF393505}.Debug|Any CPU.ActiveCfg = Debug|Any CPU
		{4C7CD249-50D8-409E-9FD1-0517DF393505}.Debug|Any CPU.Build.0 = Debug|Any CPU
		{4C7CD249-50D8-409E-9FD1-0517DF393505}.Release|Any CPU.ActiveCfg = Release|Any CPU
		{4C7CD249-50D8-409E-9FD1-0517DF393505}.Release|Any CPU.Build.0 = Release|Any CPU
		{F00753E9-E8BC-46F1-A35D-A0F5A34408C3}.Debug|Any CPU.ActiveCfg = Debug|Any CPU
		{F00753E9-E8BC-46F1-A35D-A0F5A34408C3}.Debug|Any CPU.Build.0 = Debug|Any CPU
		{F00753E9-E8BC-46F1-A35D-A0F5A34408C3}.Release|Any CPU.ActiveCfg = Release|Any CPU
		{F00753E9-E8BC-46F1-A35D-A0F5A34408C3}.Release|Any CPU.Build.0 = Release|Any CPU
	EndGlobalSection
	GlobalSection(SolutionProperties) = preSolution
		HideSolutionNode = FALSE
	EndGlobalSection
	GlobalSection(ExtensibilityGlobals) = postSolution
		SolutionGuid = {350E9865-6F63-49F5-9071-FD9A274C3CAC}
	EndGlobalSection
EndGlobal
